
Microsoft Visual Studio Solution File, Format Version 12.00
Project("{FAE04EC0-301F-11D3-BF4B-00C04F79EFBC}") = "ElevenIsland.API", "ElevenIsland.API\ElevenIsland.API.csproj", "{7E4C4273-317F-4B0E-8B2F-7D2915F90594}"
EndProject
Project("{FAE04EC0-301F-11D3-BF4B-00C04F79EFBC}") = "ElevenIsland.Core", "ElevenIsland.Core\ElevenIsland.Core.csproj", "{5E3D3057-2658-4234-907C-D2DBDCB0C661}"
EndProject
Project("{FAE04EC0-301F-11D3-BF4B-00C04F79EFBC}") = "ElevenIsland.Admin", "ElevenIsland.Admin\ElevenIsland.Admin.csproj", "{96696B99-9CA8-47D4-8AA4-ECE5C8FDE261}"
EndProject
Global
	GlobalSection(SolutionConfigurationPlatforms) = preSolution
		Debug|Any CPU = Debug|Any CPU
		Release|Any CPU = Release|Any CPU
	EndGlobalSection
	GlobalSection(ProjectConfigurationPlatforms) = postSolution
		{7E4C4273-317F-4B0E-8B2F-7D2915F90594}.Debug|Any CPU.ActiveCfg = Debug|Any CPU
		{7E4C4273-317F-4B0E-8B2F-7D2915F90594}.Debug|Any CPU.Build.0 = Debug|Any CPU
		{7E4C4273-317F-4B0E-8B2F-7D2915F90594}.Release|Any CPU.ActiveCfg = Release|Any CPU
		{7E4C4273-317F-4B0E-8B2F-7D2915F90594}.Release|Any CPU.Build.0 = Release|Any CPU
		{5E3D3057-2658-4234-907C-D2DBDCB0C661}.Debug|Any CPU.ActiveCfg = Debug|Any CPU
		{5E3D3057-2658-4234-907C-D2DBDCB0C661}.Debug|Any CPU.Build.0 = Debug|Any CPU
		{5E3D3057-2658-4234-907C-D2DBDCB0C661}.Release|Any CPU.ActiveCfg = Release|Any CPU
		{5E3D3057-2658-4234-907C-D2DBDCB0C661}.Release|Any CPU.Build.0 = Release|Any CPU
		{96696B99-9CA8-47D4-8AA4-ECE5C8FDE261}.Debug|Any CPU.ActiveCfg = Debug|Any CPU
		{96696B99-9CA8-47D4-8AA4-ECE5C8FDE261}.Debug|Any CPU.Build.0 = Debug|Any CPU
		{96696B99-9CA8-47D4-8AA4-ECE5C8FDE261}.Release|Any CPU.ActiveCfg = Release|Any CPU
		{96696B99-9CA8-47D4-8AA4-ECE5C8FDE261}.Release|Any CPU.Build.0 = Release|Any CPU
	EndGlobalSection
EndGlobal
